
Microsoft Visual Studio Solution File, Format Version 12.00
# Visual Studio Version 16
VisualStudioVersion = 16.0.31105.61
MinimumVisualStudioVersion = 10.0.40219.1
Project("{8BC9CEB8-8B4A-11D0-8D11-00A0C91BC942}") = "StructPacking", "StructPacking\StructPacking.vcxproj", "{54E8DEAC-5B43-4C48-992D-977994EE1082}"
EndProject
Project("{8BC9CEB8-8B4A-11D0-8D11-00A0C91BC942}") = "StructPadding", "StructPadding\StructPadding.vcxproj", "{B8DDAF2A-AE37-4F2C-82E9-353C30194DAC}"
EndProject
Project("{8BC9CEB8-8B4A-11D0-8D11-00A0C91BC942}") = "ObjectPooling", "ObjectPooling\ObjectPooling.vcxproj", "{B978C375-5BA7-420D-977D-E2DB4302DA30}"
EndProject
Project("{8BC9CEB8-8B4A-11D0-8D11-00A0C91BC942}") = "PlacementNew", "PlacementNew\PlacementNew.vcxproj", "{76E1550F-EBBA-4868-A75A-EB40490A4133}"
EndProject
Project("{8BC9CEB8-8B4A-11D0-8D11-00A0C91BC942}") = "PointerPolymorphism", "PointerPolymorphism\PointerPolymorphism.vcxproj", "{68B36D36-3EAE-4A32-A05F-3982FE597CB1}"
EndProject
Global
	GlobalSection(SolutionConfigurationPlatforms) = preSolution
		Debug|x64 = Debug|x64
		Debug|x86 = Debug|x86
		Release|x64 = Release|x64
		Release|x86 = Release|x86
	EndGlobalSection
	GlobalSection(ProjectConfigurationPlatforms) = postSolution
		{54E8DEAC-5B43-4C48-992D-977994EE1082}.Debug|x64.ActiveCfg = Debug|x64
		{54E8DEAC-5B43-4C48-992D-977994EE1082}.Debug|x64.Build.0 = Debug|x64
		{54E8DEAC-5B43-4C48-992D-977994EE1082}.Debug|x86.ActiveCfg = Debug|Win32
		{54E8DEAC-5B43-4C48-992D-977994EE1082}.Debug|x86.Build.0 = Debug|Win32
		{54E8DEAC-5B43-4C48-992D-977994EE1082}.Release|x64.ActiveCfg = Release|x64
		{54E8DEAC-5B43-4C48-992D-977994EE1082}.Release|x64.Build.0 = Release|x64
		{54E8DEAC-5B43-4C48-992D-977994EE1082}.Release|x86.ActiveCfg = Release|Win32
		{54E8DEAC-5B43-4C48-992D-977994EE1082}.Release|x86.Build.0 = Release|Win32
		{B8DDAF2A-AE37-4F2C-82E9-353C30194DAC}.Debug|x64.ActiveCfg = Debug|x64
		{B8DDAF2A-AE37-4F2C-82E9-353C30194DAC}.Debug|x64.Build.0 = Debug|x64
		{B8DDAF2A-AE37-4F2C-82E9-353C30194DAC}.Debug|x86.ActiveCfg = Debug|Win32
		{B8DDAF2A-AE37-4F2C-82E9-353C30194DAC}.Debug|x86.Build.0 = Debug|Win32
		{B8DDAF2A-AE37-4F2C-82E9-353C30194DAC}.Release|x64.ActiveCfg = Release|x64
		{B8DDAF2A-AE37-4F2C-82E9-353C30194DAC}.Release|x64.Build.0 = Release|x64
		{B8DDAF2A-AE37-4F2C-82E9-353C30194DAC}.Release|x86.ActiveCfg = Release|Win32
		{B8DDAF2A-AE37-4F2C-82E9-353C30194DAC}.Release|x86.Build.0 = Release|Win32
		{B978C375-5BA7-420D-977D-E2DB4302DA30}.Debug|x64.ActiveCfg = Debug|x64
		{B978C375-5BA7-420D-977D-E2DB4302DA30}.Debug|x64.Build.0 = Debug|x64
		{B978C375-5BA7-420D-977D-E2DB4302DA30}.Debug|x86.ActiveCfg = Debug|Win32
		{B978C375-5BA7-420D-977D-E2DB4302DA30}.Debug|x86.Build.0 = Debug|Win32
		{B978C375-5BA7-420D-977D-E2DB4302DA30}.Release|x64.ActiveCfg = Release|x64
		{B978C375-5BA7-420D-977D-E2DB4302DA30}.Release|x64.Build.0 = Release|x64
		{B978C375-5BA7-420D-977D-E2DB4302DA30}.Release|x86.ActiveCfg = Release|Win32
		{B978C375-5BA7-420D-977D-E2DB4302DA30}.Release|x86.Build.0 = Release|Win32
		{76E1550F-EBBA-4868-A75A-EB40490A4133}.Debug|x64.ActiveCfg = Debug|x64
		{76E1550F-EBBA-4868-A75A-EB40490A4133}.Debug|x64.Build.0 = Debug|x64
		{76E1550F-EBBA-4868-A75A-EB40490A4133}.Debug|x86.ActiveCfg = Debug|Win32
		{76E1550F-EBBA-4868-A75A-EB40490A4133}.Debug|x86.Build.0 = Debug|Win32
		{76E1550F-EBBA-4868-A75A-EB40490A4133}.Release|x64.ActiveCfg = Release|x64
		{76E1550F-EBBA-4868-A75A-EB40490A4133}.Release|x64.Build.0 = Release|x64
		{76E1550F-EBBA-4868-A75A-EB40490A4133}.Release|x86.ActiveCfg = Release|Win32
		{76E1550F-EBBA-4868-A75A-EB40490A4133}.Release|x86.Build.0 = Release|Win32
		{68B36D36-3EAE-4A32-A05F-3982FE597CB1}.Debug|x64.ActiveCfg = Debug|x64
		{68B36D36-3EAE-4A32-A05F-3982FE597CB1}.Debug|x64.Build.0 = Debug|x64
		{68B36D36-3EAE-4A32-A05F-3982FE597CB1}.Debug|x86.ActiveCfg = Debug|Win32
		{68B36D36-3EAE-4A32-A05F-3982FE597CB1}.Debug|x86.Build.0 = Debug|Win32
		{68B36D36-3EAE-4A32-A05F-3982FE597CB1}.Release|x64.ActiveCfg = Release|x64
		{68B36D36-3EAE-4A32-A05F-3982FE597CB1}.Release|x64.Build.0 = Release|x64
		{68B36D36-3EAE-4A32-A05F-3982FE597CB1}.Release|x86.ActiveCfg = Release|Win32
		{68B36D36-3EAE-4A32-A05F-3982FE597CB1}.Release|x86.Build.0 = Release|Win32
	EndGlobalSection
	GlobalSection(SolutionProperties) = preSolution
		HideSolutionNode = FALSE
	EndGlobalSection
	GlobalSection(ExtensibilityGlobals) = postSolution
		SolutionGuid = {A28E9C14-2716-42F3-B186-8E87538CF16D}
	EndGlobalSection
EndGlobal
